
Microsoft Visual Studio Solution File, Format Version 12.00
# Visual Studio Version 16
VisualStudioVersion = 16.0.28803.156
MinimumVisualStudioVersion = 10.0.40219.1
Project("{FAE04EC0-301F-11D3-BF4B-00C04F79EFBC}") = "GameStore.Domain", "GameStore.Domain\GameStore.Domain.csproj", "{11ABE643-CE30-49AE-AA29-ED7F52CF6FCB}"
EndProject
Project("{FAE04EC0-301F-11D3-BF4B-00C04F79EFBC}") = "GameStore.WebUI", "GameStore.WebUI\GameStore.WebUI.csproj", "{753284C1-6C4C-4CCA-815C-E8690B5E770E}"
EndProject
Project("{FAE04EC0-301F-11D3-BF4B-00C04F79EFBC}") = "GameStore.UnitTests", "GameStore.UnitTests\GameStore.UnitTests.csproj", "{32EA3052-D467-4B7D-97E7-0C3A31FCF92E}"
EndProject
Global
	GlobalSection(SolutionConfigurationPlatforms) = preSolution
		Debug|Any CPU = Debug|Any CPU
		Release|Any CPU = Release|Any CPU
	EndGlobalSection
	GlobalSection(ProjectConfigurationPlatforms) = postSolution
		{11ABE643-CE30-49AE-AA29-ED7F52CF6FCB}.Debug|Any CPU.ActiveCfg = Debug|Any CPU
		{11ABE643-CE30-49AE-AA29-ED7F52CF6FCB}.Debug|Any CPU.Build.0 = Debug|Any CPU
		{11ABE643-CE30-49AE-AA29-ED7F52CF6FCB}.Release|Any CPU.ActiveCfg = Release|Any CPU
		{11ABE643-CE30-49AE-AA29-ED7F52CF6FCB}.Release|Any CPU.Build.0 = Release|Any CPU
		{753284C1-6C4C-4CCA-815C-E8690B5E770E}.Debug|Any CPU.ActiveCfg = Debug|Any CPU
		{753284C1-6C4C-4CCA-815C-E8690B5E770E}.Debug|Any CPU.Build.0 = Debug|Any CPU
		{753284C1-6C4C-4CCA-815C-E8690B5E770E}.Release|Any CPU.ActiveCfg = Release|Any CPU
		{753284C1-6C4C-4CCA-815C-E8690B5E770E}.Release|Any CPU.Build.0 = Release|Any CPU
		{32EA3052-D467-4B7D-97E7-0C3A31FCF92E}.Debug|Any CPU.ActiveCfg = Debug|Any CPU
		{32EA3052-D467-4B7D-97E7-0C3A31FCF92E}.Debug|Any CPU.Build.0 = Debug|Any CPU
		{32EA3052-D467-4B7D-97E7-0C3A31FCF92E}.Release|Any CPU.ActiveCfg = Release|Any CPU
		{32EA3052-D467-4B7D-97E7-0C3A31FCF92E}.Release|Any CPU.Build.0 = Release|Any CPU
	EndGlobalSection
	GlobalSection(SolutionProperties) = preSolution
		HideSolutionNode = FALSE
	EndGlobalSection
	GlobalSection(ExtensibilityGlobals) = postSolution
		SolutionGuid = {82A01690-288E-4203-8397-743C34307AF3}
	EndGlobalSection
EndGlobal
